
Microsoft Visual Studio Solution File, Format Version 12.00
# Visual Studio 14
VisualStudioVersion = 14.0.25420.1
MinimumVisualStudioVersion = 10.0.40219.1
Project("{FAE04EC0-301F-11D3-BF4B-00C04F79EFBC}") = "appControlAlumnos.Entidades", "appControlAlumnos.Entidades\appControlAlumnos.Entidades.csproj", "{E63C78C2-36EA-4A67-B0B8-0F0395ED9665}"
EndProject
Project("{FAE04EC0-301F-11D3-BF4B-00C04F79EFBC}") = "appControlAlumnos.AccesoDatos", "appControlAlumnos.AccesoDatos\appControlAlumnos.AccesoDatos.csproj", "{5AC87462-7C25-4657-8C0F-93202A7E3209}"
EndProject
Project("{FAE04EC0-301F-11D3-BF4B-00C04F79EFBC}") = "appControlAlumnos.LogicaNegocio", "appControlAlumnos.LogicaNegocio\appControlAlumnos.LogicaNegocio.csproj", "{7135319F-C47B-4167-AE3F-FD8B6A8ECC31}"
EndProject
Project("{FAE04EC0-301F-11D3-BF4B-00C04F79EFBC}") = "appControlAlumnos.Presentacion", "appControlAlumnos.Presentacion\appControlAlumnos.Presentacion.csproj", "{109F35BD-635B-4377-9AC9-6CEA2FF15212}"
EndProject
Global
	GlobalSection(SolutionConfigurationPlatforms) = preSolution
		Debug|Any CPU = Debug|Any CPU
		Release|Any CPU = Release|Any CPU
	EndGlobalSection
	GlobalSection(ProjectConfigurationPlatforms) = postSolution
		{E63C78C2-36EA-4A67-B0B8-0F0395ED9665}.Debug|Any CPU.ActiveCfg = Debug|Any CPU
		{E63C78C2-36EA-4A67-B0B8-0F0395ED9665}.Debug|Any CPU.Build.0 = Debug|Any CPU
		{E63C78C2-36EA-4A67-B0B8-0F0395ED9665}.Release|Any CPU.ActiveCfg = Release|Any CPU
		{E63C78C2-36EA-4A67-B0B8-0F0395ED9665}.Release|Any CPU.Build.0 = Release|Any CPU
		{5AC87462-7C25-4657-8C0F-93202A7E3209}.Debug|Any CPU.ActiveCfg = Debug|Any CPU
		{5AC87462-7C25-4657-8C0F-93202A7E3209}.Debug|Any CPU.Build.0 = Debug|Any CPU
		{5AC87462-7C25-4657-8C0F-93202A7E3209}.Release|Any CPU.ActiveCfg = Release|Any CPU
		{5AC87462-7C25-4657-8C0F-93202A7E3209}.Release|Any CPU.Build.0 = Release|Any CPU
		{7135319F-C47B-4167-AE3F-FD8B6A8ECC31}.Debug|Any CPU.ActiveCfg = Debug|Any CPU
		{7135319F-C47B-4167-AE3F-FD8B6A8ECC31}.Debug|Any CPU.Build.0 = Debug|Any CPU
		{7135319F-C47B-4167-AE3F-FD8B6A8ECC31}.Release|Any CPU.ActiveCfg = Release|Any CPU
		{7135319F-C47B-4167-AE3F-FD8B6A8ECC31}.Release|Any CPU.Build.0 = Release|Any CPU
		{109F35BD-635B-4377-9AC9-6CEA2FF15212}.Debug|Any CPU.ActiveCfg = Debug|Any CPU
		{109F35BD-635B-4377-9AC9-6CEA2FF15212}.Debug|Any CPU.Build.0 = Debug|Any CPU
		{109F35BD-635B-4377-9AC9-6CEA2FF15212}.Release|Any CPU.ActiveCfg = Release|Any CPU
		{109F35BD-635B-4377-9AC9-6CEA2FF15212}.Release|Any CPU.Build.0 = Release|Any CPU
	EndGlobalSection
	GlobalSection(SolutionProperties) = preSolution
		HideSolutionNode = FALSE
	EndGlobalSection
EndGlobal
