
Microsoft Visual Studio Solution File, Format Version 12.00
# Visual Studio 15
VisualStudioVersion = 15.0.28307.421
MinimumVisualStudioVersion = 10.0.40219.1
Project("{FAE04EC0-301F-11D3-BF4B-00C04F79EFBC}") = "SearchAutoCompleteWithASPNETMVC", "SearchAutoCompleteWithASPNETMVC\SearchAutoCompleteWithASPNETMVC.csproj", "{EAE592DD-EC39-436E-835A-E8492EF40774}"
EndProject
Global
	GlobalSection(SolutionConfigurationPlatforms) = preSolution
		Debug|Any CPU = Debug|Any CPU
		Release|Any CPU = Release|Any CPU
	EndGlobalSection
	GlobalSection(ProjectConfigurationPlatforms) = postSolution
		{EAE592DD-EC39-436E-835A-E8492EF40774}.Debug|Any CPU.ActiveCfg = Debug|Any CPU
		{EAE592DD-EC39-436E-835A-E8492EF40774}.Debug|Any CPU.Build.0 = Debug|Any CPU
		{EAE592DD-EC39-436E-835A-E8492EF40774}.Release|Any CPU.ActiveCfg = Release|Any CPU
		{EAE592DD-EC39-436E-835A-E8492EF40774}.Release|Any CPU.Build.0 = Release|Any CPU
	EndGlobalSection
	GlobalSection(SolutionProperties) = preSolution
		HideSolutionNode = FALSE
	EndGlobalSection
	GlobalSection(ExtensibilityGlobals) = postSolution
		SolutionGuid = {B4090228-9E4D-4BC5-ADA0-38FF06A5C60C}
	EndGlobalSection
EndGlobal
