
Microsoft Visual Studio Solution File, Format Version 12.00
# Visual Studio 15
VisualStudioVersion = 15.0.28307.421
MinimumVisualStudioVersion = 10.0.40219.1
Project("{FAE04EC0-301F-11D3-BF4B-00C04F79EFBC}") = "MyWcfService", "MyWcfService\MyWcfService.csproj", "{DA9ED34F-FF2F-49B1-B128-3BD400168F72}"
EndProject
Project("{FAE04EC0-301F-11D3-BF4B-00C04F79EFBC}") = "DemoASP.NetWCF", "DemoASP.NetWCF\DemoASP.NetWCF.csproj", "{6CAA631E-A87F-41E4-A3E3-2B4D13D0D3A6}"
	ProjectSection(ProjectDependencies) = postProject
		{DA9ED34F-FF2F-49B1-B128-3BD400168F72} = {DA9ED34F-FF2F-49B1-B128-3BD400168F72}
	EndProjectSection
EndProject
Project("{FAE04EC0-301F-11D3-BF4B-00C04F79EFBC}") = "DemoWindowsFormsWCF", "DemoWindowsFormsWCF\DemoWindowsFormsWCF.csproj", "{EBD95870-454C-475C-8D2D-48AD5067E2F9}"
	ProjectSection(ProjectDependencies) = postProject
		{DA9ED34F-FF2F-49B1-B128-3BD400168F72} = {DA9ED34F-FF2F-49B1-B128-3BD400168F72}
	EndProjectSection
EndProject
Global
	GlobalSection(SolutionConfigurationPlatforms) = preSolution
		Debug|Any CPU = Debug|Any CPU
		Release|Any CPU = Release|Any CPU
	EndGlobalSection
	GlobalSection(ProjectConfigurationPlatforms) = postSolution
		{DA9ED34F-FF2F-49B1-B128-3BD400168F72}.Debug|Any CPU.ActiveCfg = Debug|Any CPU
		{DA9ED34F-FF2F-49B1-B128-3BD400168F72}.Debug|Any CPU.Build.0 = Debug|Any CPU
		{DA9ED34F-FF2F-49B1-B128-3BD400168F72}.Release|Any CPU.ActiveCfg = Release|Any CPU
		{DA9ED34F-FF2F-49B1-B128-3BD400168F72}.Release|Any CPU.Build.0 = Release|Any CPU
		{6CAA631E-A87F-41E4-A3E3-2B4D13D0D3A6}.Debug|Any CPU.ActiveCfg = Debug|Any CPU
		{6CAA631E-A87F-41E4-A3E3-2B4D13D0D3A6}.Debug|Any CPU.Build.0 = Debug|Any CPU
		{6CAA631E-A87F-41E4-A3E3-2B4D13D0D3A6}.Release|Any CPU.ActiveCfg = Release|Any CPU
		{6CAA631E-A87F-41E4-A3E3-2B4D13D0D3A6}.Release|Any CPU.Build.0 = Release|Any CPU
		{EBD95870-454C-475C-8D2D-48AD5067E2F9}.Debug|Any CPU.ActiveCfg = Debug|Any CPU
		{EBD95870-454C-475C-8D2D-48AD5067E2F9}.Debug|Any CPU.Build.0 = Debug|Any CPU
		{EBD95870-454C-475C-8D2D-48AD5067E2F9}.Release|Any CPU.ActiveCfg = Release|Any CPU
		{EBD95870-454C-475C-8D2D-48AD5067E2F9}.Release|Any CPU.Build.0 = Release|Any CPU
	EndGlobalSection
	GlobalSection(SolutionProperties) = preSolution
		HideSolutionNode = FALSE
	EndGlobalSection
	GlobalSection(ExtensibilityGlobals) = postSolution
		SolutionGuid = {E73D996E-C97C-478F-A7D0-7490B722C795}
	EndGlobalSection
EndGlobal
